
Microsoft Visual Studio Solution File, Format Version 12.00
# Visual Studio Version 17
VisualStudioVersion = 17.11.35327.3
MinimumVisualStudioVersion = 10.0.40219.1
Project("{FAE04EC0-301F-11D3-BF4B-00C04F79EFBC}") = "Vektorel.Northwind.CLI", "Vektorel.Northwind.CLI\Vektorel.Northwind.CLI.csproj", "{A47642C0-2432-454A-9110-AC0671EC41F8}"
EndProject
Project("{FAE04EC0-301F-11D3-BF4B-00C04F79EFBC}") = "Vektorel.Northwind.UI", "Vektorel.Northwind.UI\Vektorel.Northwind.UI.csproj", "{822CB2BE-818F-40CE-AB11-2054BE8AEF6A}"
EndProject
Global
	GlobalSection(SolutionConfigurationPlatforms) = preSolution
		Debug|Any CPU = Debug|Any CPU
		Release|Any CPU = Release|Any CPU
	EndGlobalSection
	GlobalSection(ProjectConfigurationPlatforms) = postSolution
		{A47642C0-2432-454A-9110-AC0671EC41F8}.Debug|Any CPU.ActiveCfg = Debug|Any CPU
		{A47642C0-2432-454A-9110-AC0671EC41F8}.Debug|Any CPU.Build.0 = Debug|Any CPU
		{A47642C0-2432-454A-9110-AC0671EC41F8}.Release|Any CPU.ActiveCfg = Release|Any CPU
		{A47642C0-2432-454A-9110-AC0671EC41F8}.Release|Any CPU.Build.0 = Release|Any CPU
		{822CB2BE-818F-40CE-AB11-2054BE8AEF6A}.Debug|Any CPU.ActiveCfg = Debug|Any CPU
		{822CB2BE-818F-40CE-AB11-2054BE8AEF6A}.Debug|Any CPU.Build.0 = Debug|Any CPU
		{822CB2BE-818F-40CE-AB11-2054BE8AEF6A}.Release|Any CPU.ActiveCfg = Release|Any CPU
		{822CB2BE-818F-40CE-AB11-2054BE8AEF6A}.Release|Any CPU.Build.0 = Release|Any CPU
	EndGlobalSection
	GlobalSection(SolutionProperties) = preSolution
		HideSolutionNode = FALSE
	EndGlobalSection
	GlobalSection(ExtensibilityGlobals) = postSolution
		SolutionGuid = {D912191B-6D67-4CF2-8C67-D1C00589209D}
	EndGlobalSection
EndGlobal
